
Microsoft Visual Studio Solution File, Format Version 12.00
# Visual Studio 2015
Project("{FAE04EC0-301F-11D3-BF4B-00C04F79EFBC}") = "MSL1000.CSharp.Editor", "MSL1000.CSharp.Editor.csproj", "{8AA4E3E9-B7B4-0530-6BC3-581D8603265F}"
EndProject
Global
	GlobalSection(SolutionConfigurationPlatforms) = preSolution
		Debug|Any CPU = Debug|Any CPU
		Release|Any CPU = Release|Any CPU
	EndGlobalSection
	GlobalSection(ProjectConfigurationPlatforms) = postSolution
		{8AA4E3E9-B7B4-0530-6BC3-581D8603265F}.Debug|Any CPU.ActiveCfg = Debug|Any CPU
		{8AA4E3E9-B7B4-0530-6BC3-581D8603265F}.Debug|Any CPU.Build.0 = Debug|Any CPU
		{8AA4E3E9-B7B4-0530-6BC3-581D8603265F}.Release|Any CPU.ActiveCfg = Release|Any CPU
		{8AA4E3E9-B7B4-0530-6BC3-581D8603265F}.Release|Any CPU.Build.0 = Release|Any CPU
	EndGlobalSection
	GlobalSection(SolutionProperties) = preSolution
		HideSolutionNode = FALSE
	EndGlobalSection
EndGlobal
